// !$*UTF8*$!
{
	archiveVersion = 1;
	classes = {
	};
	objectVersion = 56;
	objects = {

/* Begin PBXBuildFile section */
		A824B0302AF18F500061A2ED /* SettingsView.swift in Sources */ = {isa = PBXBuildFile; fileRef = A824B02F2AF18F500061A2ED /* SettingsView.swift */; };
		A833EDEB2AFA895E00F4A364 /* User.swift in Sources */ = {isa = PBXBuildFile; fileRef = A833EDEA2AFA895E00F4A364 /* User.swift */; };
		A83774FE2B125D9C008E40EE /* Message.swift in Sources */ = {isa = PBXBuildFile; fileRef = A83774FD2B125D9C008E40EE /* Message.swift */; };
		A847EFB32B02F95D004C2200 /* Location.swift in Sources */ = {isa = PBXBuildFile; fileRef = A847EFB22B02F95D004C2200 /* Location.swift */; };
		A84B3EB42B181C05002A8B1C /* ImagePicker.swift in Sources */ = {isa = PBXBuildFile; fileRef = A84B3EB32B181C05002A8B1C /* ImagePicker.swift */; };
		A84B3EB62B181FCD002A8B1C /* UIImageExtension.swift in Sources */ = {isa = PBXBuildFile; fileRef = A84B3EB52B181FCD002A8B1C /* UIImageExtension.swift */; };
		A85630192AEC0C2800937D95 /* WelcomeWizardView2.swift in Sources */ = {isa = PBXBuildFile; fileRef = A85630182AEC0C2800937D95 /* WelcomeWizardView2.swift */; };
		A856301B2AEC0CBB00937D95 /* WelcomeWizardView1.swift in Sources */ = {isa = PBXBuildFile; fileRef = A856301A2AEC0CBB00937D95 /* WelcomeWizardView1.swift */; };
		A85E29B82B279C0600A3BC05 /* Test.swift in Sources */ = {isa = PBXBuildFile; fileRef = A85E29B72B279C0600A3BC05 /* Test.swift */; };
		A85F83942B1552E900637335 /* SkinColor.swift in Sources */ = {isa = PBXBuildFile; fileRef = A85F83932B1552E900637335 /* SkinColor.swift */; };
		A85F83962B15573700637335 /* SampleData.swift in Sources */ = {isa = PBXBuildFile; fileRef = A85F83952B15573700637335 /* SampleData.swift */; };
		A86CE72D2AFD7630007FA521 /* Weather.swift in Sources */ = {isa = PBXBuildFile; fileRef = A86CE72C2AFD7630007FA521 /* Weather.swift */; };
		A86CE72F2AFD7A08007FA521 /* TempRange.swift in Sources */ = {isa = PBXBuildFile; fileRef = A86CE72E2AFD7A08007FA521 /* TempRange.swift */; };
		A86CE7312AFD829C007FA521 /* WeatherStruct.swift in Sources */ = {isa = PBXBuildFile; fileRef = A86CE7302AFD829C007FA521 /* WeatherStruct.swift */; };
		A86CE7332AFD85D1007FA521 /* DataViewModel.swift in Sources */ = {isa = PBXBuildFile; fileRef = A86CE7322AFD85D1007FA521 /* DataViewModel.swift */; };
		A87151322B0C2B4600ECAD65 /* LocationViewModel.swift in Sources */ = {isa = PBXBuildFile; fileRef = A87151312B0C2B4600ECAD65 /* LocationViewModel.swift */; };
		A87151342B0C2B7600ECAD65 /* LocationSearchService.swift in Sources */ = {isa = PBXBuildFile; fileRef = A87151332B0C2B7600ECAD65 /* LocationSearchService.swift */; };
		A88113C42B1E98F000D70301 /* LocationManager.swift in Sources */ = {isa = PBXBuildFile; fileRef = A88113C32B1E98F000D70301 /* LocationManager.swift */; };
		A88A8F952AF1402300FC1CCB /* HomepageView.swift in Sources */ = {isa = PBXBuildFile; fileRef = A88A8F942AF1402300FC1CCB /* HomepageView.swift */; };
		A89013132B095A2800CDE0E8 /* ImageWithSkinBehind.swift in Sources */ = {isa = PBXBuildFile; fileRef = A89013122B095A2800CDE0E8 /* ImageWithSkinBehind.swift */; };
		A8D7FA332AF9407C004956C2 /* SolidTextButton.swift in Sources */ = {isa = PBXBuildFile; fileRef = A8D7FA322AF9407C004956C2 /* SolidTextButton.swift */; };
		A8D7FA352AF94541004956C2 /* LocationView.swift in Sources */ = {isa = PBXBuildFile; fileRef = A8D7FA342AF94541004956C2 /* LocationView.swift */; };
		A8DB006C2AEAFC9600617FD4 /* RaincoatApp.swift in Sources */ = {isa = PBXBuildFile; fileRef = A8DB006B2AEAFC9600617FD4 /* RaincoatApp.swift */; };
		A8DB00702AEAFC9800617FD4 /* Assets.xcassets in Resources */ = {isa = PBXBuildFile; fileRef = A8DB006F2AEAFC9800617FD4 /* Assets.xcassets */; };
		A8DB00732AEAFC9800617FD4 /* Preview Assets.xcassets in Resources */ = {isa = PBXBuildFile; fileRef = A8DB00722AEAFC9800617FD4 /* Preview Assets.xcassets */; };
		A8DB007E2AEB3FAC00617FD4 /* SolidButton.swift in Sources */ = {isa = PBXBuildFile; fileRef = A8DB007D2AEB3FAC00617FD4 /* SolidButton.swift */; };
		A8DDA7ED2B168254005305C0 /* Router.swift in Sources */ = {isa = PBXBuildFile; fileRef = A8DDA7EC2B168254005305C0 /* Router.swift */; };
/* End PBXBuildFile section */

/* Begin PBXCopyFilesBuildPhase section */
		A8290B642B4342C000BB7A4D /* Embed Foundation Extensions */ = {
			isa = PBXCopyFilesBuildPhase;
			buildActionMask = 2147483647;
			dstPath = "";
			dstSubfolderSpec = 13;
			files = (
			);
			name = "Embed Foundation Extensions";
			runOnlyForDeploymentPostprocessing = 0;
		};
/* End PBXCopyFilesBuildPhase section */

/* Begin PBXFileReference section */
		A824B02F2AF18F500061A2ED /* SettingsView.swift */ = {isa = PBXFileReference; lastKnownFileType = sourcecode.swift; path = SettingsView.swift; sourceTree = "<group>"; };
		A8290B522B4342BE00BB7A4D /* SwiftUI.framework */ = {isa = PBXFileReference; lastKnownFileType = wrapper.framework; name = SwiftUI.framework; path = System/Library/Frameworks/SwiftUI.framework; sourceTree = SDKROOT; };
		A833EDEA2AFA895E00F4A364 /* User.swift */ = {isa = PBXFileReference; lastKnownFileType = sourcecode.swift; path = User.swift; sourceTree = "<group>"; };
		A83774FD2B125D9C008E40EE /* Message.swift */ = {isa = PBXFileReference; lastKnownFileType = sourcecode.swift; path = Message.swift; sourceTree = "<group>"; };
		A847EFB22B02F95D004C2200 /* Location.swift */ = {isa = PBXFileReference; lastKnownFileType = sourcecode.swift; path = Location.swift; sourceTree = "<group>"; };
		A84B3EB32B181C05002A8B1C /* ImagePicker.swift */ = {isa = PBXFileReference; lastKnownFileType = sourcecode.swift; path = ImagePicker.swift; sourceTree = "<group>"; };
		A84B3EB52B181FCD002A8B1C /* UIImageExtension.swift */ = {isa = PBXFileReference; lastKnownFileType = sourcecode.swift; path = UIImageExtension.swift; sourceTree = "<group>"; };
		A85630182AEC0C2800937D95 /* WelcomeWizardView2.swift */ = {isa = PBXFileReference; lastKnownFileType = sourcecode.swift; path = WelcomeWizardView2.swift; sourceTree = "<group>"; };
		A856301A2AEC0CBB00937D95 /* WelcomeWizardView1.swift */ = {isa = PBXFileReference; lastKnownFileType = sourcecode.swift; path = WelcomeWizardView1.swift; sourceTree = "<group>"; };
		A85E29B72B279C0600A3BC05 /* Test.swift */ = {isa = PBXFileReference; lastKnownFileType = sourcecode.swift; path = Test.swift; sourceTree = "<group>"; };
		A85F83932B1552E900637335 /* SkinColor.swift */ = {isa = PBXFileReference; lastKnownFileType = sourcecode.swift; path = SkinColor.swift; sourceTree = "<group>"; };
		A85F83952B15573700637335 /* SampleData.swift */ = {isa = PBXFileReference; lastKnownFileType = sourcecode.swift; path = SampleData.swift; sourceTree = "<group>"; };
		A86CE72C2AFD7630007FA521 /* Weather.swift */ = {isa = PBXFileReference; lastKnownFileType = sourcecode.swift; path = Weather.swift; sourceTree = "<group>"; };
		A86CE72E2AFD7A08007FA521 /* TempRange.swift */ = {isa = PBXFileReference; lastKnownFileType = sourcecode.swift; path = TempRange.swift; sourceTree = "<group>"; };
		A86CE7302AFD829C007FA521 /* WeatherStruct.swift */ = {isa = PBXFileReference; lastKnownFileType = sourcecode.swift; path = WeatherStruct.swift; sourceTree = "<group>"; };
		A86CE7322AFD85D1007FA521 /* DataViewModel.swift */ = {isa = PBXFileReference; lastKnownFileType = sourcecode.swift; path = DataViewModel.swift; sourceTree = "<group>"; };
		A87151312B0C2B4600ECAD65 /* LocationViewModel.swift */ = {isa = PBXFileReference; lastKnownFileType = sourcecode.swift; path = LocationViewModel.swift; sourceTree = "<group>"; };
		A87151332B0C2B7600ECAD65 /* LocationSearchService.swift */ = {isa = PBXFileReference; lastKnownFileType = sourcecode.swift; path = LocationSearchService.swift; sourceTree = "<group>"; };
		A88113C32B1E98F000D70301 /* LocationManager.swift */ = {isa = PBXFileReference; lastKnownFileType = sourcecode.swift; path = LocationManager.swift; sourceTree = "<group>"; };
		A88A8F942AF1402300FC1CCB /* HomepageView.swift */ = {isa = PBXFileReference; lastKnownFileType = sourcecode.swift; path = HomepageView.swift; sourceTree = "<group>"; };
		A89013122B095A2800CDE0E8 /* ImageWithSkinBehind.swift */ = {isa = PBXFileReference; lastKnownFileType = sourcecode.swift; path = ImageWithSkinBehind.swift; sourceTree = "<group>"; };
		A8D7FA322AF9407C004956C2 /* SolidTextButton.swift */ = {isa = PBXFileReference; lastKnownFileType = sourcecode.swift; path = SolidTextButton.swift; sourceTree = "<group>"; };
		A8D7FA342AF94541004956C2 /* LocationView.swift */ = {isa = PBXFileReference; lastKnownFileType = sourcecode.swift; path = LocationView.swift; sourceTree = "<group>"; };
		A8DB00682AEAFC9600617FD4 /* Raincoat.app */ = {isa = PBXFileReference; explicitFileType = wrapper.application; includeInIndex = 0; path = Raincoat.app; sourceTree = BUILT_PRODUCTS_DIR; };
		A8DB006B2AEAFC9600617FD4 /* RaincoatApp.swift */ = {isa = PBXFileReference; lastKnownFileType = sourcecode.swift; path = RaincoatApp.swift; sourceTree = "<group>"; };
		A8DB006F2AEAFC9800617FD4 /* Assets.xcassets */ = {isa = PBXFileReference; lastKnownFileType = folder.assetcatalog; path = Assets.xcassets; sourceTree = "<group>"; };
		A8DB00722AEAFC9800617FD4 /* Preview Assets.xcassets */ = {isa = PBXFileReference; lastKnownFileType = folder.assetcatalog; path = "Preview Assets.xcassets"; sourceTree = "<group>"; };
		A8DB007D2AEB3FAC00617FD4 /* SolidButton.swift */ = {isa = PBXFileReference; lastKnownFileType = sourcecode.swift; path = SolidButton.swift; sourceTree = "<group>"; };
		A8DDA7EC2B168254005305C0 /* Router.swift */ = {isa = PBXFileReference; lastKnownFileType = sourcecode.swift; path = Router.swift; sourceTree = "<group>"; };
/* End PBXFileReference section */

/* Begin PBXFrameworksBuildPhase section */
		A8DB00652AEAFC9600617FD4 /* Frameworks */ = {
			isa = PBXFrameworksBuildPhase;
			buildActionMask = 2147483647;
			files = (
			);
			runOnlyForDeploymentPostprocessing = 0;
		};
/* End PBXFrameworksBuildPhase section */

/* Begin PBXGroup section */
		A8290B4F2B4342BE00BB7A4D /* Frameworks */ = {
			isa = PBXGroup;
			children = (
				A8290B522B4342BE00BB7A4D /* SwiftUI.framework */,
			);
			name = Frameworks;
			sourceTree = "<group>";
		};
		A833EDE52AFA830A00F4A364 /* Models */ = {
			isa = PBXGroup;
			children = (
				A833EDEA2AFA895E00F4A364 /* User.swift */,
				A86CE72C2AFD7630007FA521 /* Weather.swift */,
				A86CE72E2AFD7A08007FA521 /* TempRange.swift */,
				A86CE7302AFD829C007FA521 /* WeatherStruct.swift */,
				A86CE7322AFD85D1007FA521 /* DataViewModel.swift */,
				A847EFB22B02F95D004C2200 /* Location.swift */,
				A89013122B095A2800CDE0E8 /* ImageWithSkinBehind.swift */,
				A87151312B0C2B4600ECAD65 /* LocationViewModel.swift */,
				A87151332B0C2B7600ECAD65 /* LocationSearchService.swift */,
				A83774FD2B125D9C008E40EE /* Message.swift */,
				A85F83932B1552E900637335 /* SkinColor.swift */,
				A84B3EB32B181C05002A8B1C /* ImagePicker.swift */,
				A84B3EB52B181FCD002A8B1C /* UIImageExtension.swift */,
				A88113C32B1E98F000D70301 /* LocationManager.swift */,
			);
			path = Models;
			sourceTree = "<group>";
		};
		A8DB005F2AEAFC9600617FD4 = {
			isa = PBXGroup;
			children = (
				A8DB006A2AEAFC9600617FD4 /* Raincoat */,
				A8290B4F2B4342BE00BB7A4D /* Frameworks */,
				A8DB00692AEAFC9600617FD4 /* Products */,
			);
			sourceTree = "<group>";
		};
		A8DB00692AEAFC9600617FD4 /* Products */ = {
			isa = PBXGroup;
			children = (
				A8DB00682AEAFC9600617FD4 /* Raincoat.app */,
			);
			name = Products;
			sourceTree = "<group>";
		};
		A8DB006A2AEAFC9600617FD4 /* Raincoat */ = {
			isa = PBXGroup;
			children = (
				A833EDE52AFA830A00F4A364 /* Models */,
				A8DB007A2AEB068900617FD4 /* Components */,
				A8DB00792AEB068200617FD4 /* Pages */,
				A8DB006B2AEAFC9600617FD4 /* RaincoatApp.swift */,
				A8DB006F2AEAFC9800617FD4 /* Assets.xcassets */,
				A8DB00712AEAFC9800617FD4 /* Preview Content */,
			);
			path = Raincoat;
			sourceTree = "<group>";
		};
		A8DB00712AEAFC9800617FD4 /* Preview Content */ = {
			isa = PBXGroup;
			children = (
				A8DB00722AEAFC9800617FD4 /* Preview Assets.xcassets */,
			);
			path = "Preview Content";
			sourceTree = "<group>";
		};
		A8DB00792AEB068200617FD4 /* Pages */ = {
			isa = PBXGroup;
			children = (
				A85630182AEC0C2800937D95 /* WelcomeWizardView2.swift */,
				A856301A2AEC0CBB00937D95 /* WelcomeWizardView1.swift */,
				A88A8F942AF1402300FC1CCB /* HomepageView.swift */,
				A824B02F2AF18F500061A2ED /* SettingsView.swift */,
				A8D7FA342AF94541004956C2 /* LocationView.swift */,
				A8DDA7EC2B168254005305C0 /* Router.swift */,
				A85E29B72B279C0600A3BC05 /* Test.swift */,
			);
			path = Pages;
			sourceTree = "<group>";
		};
		A8DB007A2AEB068900617FD4 /* Components */ = {
			isa = PBXGroup;
			children = (
				A8DB007D2AEB3FAC00617FD4 /* SolidButton.swift */,
				A8D7FA322AF9407C004956C2 /* SolidTextButton.swift */,
				A85F83952B15573700637335 /* SampleData.swift */,
			);
			path = Components;
			sourceTree = "<group>";
		};
/* End PBXGroup section */

/* Begin PBXNativeTarget section */
		A8DB00672AEAFC9600617FD4 /* Raincoat */ = {
			isa = PBXNativeTarget;
			buildConfigurationList = A8DB00762AEAFC9800617FD4 /* Build configuration list for PBXNativeTarget "Raincoat" */;
			buildPhases = (
				A8DB00642AEAFC9600617FD4 /* Sources */,
				A8DB00652AEAFC9600617FD4 /* Frameworks */,
				A8DB00662AEAFC9600617FD4 /* Resources */,
				A8290B642B4342C000BB7A4D /* Embed Foundation Extensions */,
			);
			buildRules = (
			);
			dependencies = (
			);
			name = Raincoat;
			productName = Raincoat;
			productReference = A8DB00682AEAFC9600617FD4 /* Raincoat.app */;
			productType = "com.apple.product-type.application";
		};
/* End PBXNativeTarget section */

/* Begin PBXProject section */
		A8DB00602AEAFC9600617FD4 /* Project object */ = {
			isa = PBXProject;
			attributes = {
				BuildIndependentTargetsInParallel = 1;
				LastSwiftUpdateCheck = 1510;
				LastUpgradeCheck = 1500;
				TargetAttributes = {
					A8DB00672AEAFC9600617FD4 = {
						CreatedOnToolsVersion = 15.0.1;
					};
				};
			};
			buildConfigurationList = A8DB00632AEAFC9600617FD4 /* Build configuration list for PBXProject "Raincoat" */;
			compatibilityVersion = "Xcode 14.0";
			developmentRegion = en;
			hasScannedForEncodings = 0;
			knownRegions = (
				en,
				Base,
			);
			mainGroup = A8DB005F2AEAFC9600617FD4;
			productRefGroup = A8DB00692AEAFC9600617FD4 /* Products */;
			projectDirPath = "";
			projectRoot = "";
			targets = (
				A8DB00672AEAFC9600617FD4 /* Raincoat */,
			);
		};
/* End PBXProject section */

/* Begin PBXResourcesBuildPhase section */
		A8DB00662AEAFC9600617FD4 /* Resources */ = {
			isa = PBXResourcesBuildPhase;
			buildActionMask = 2147483647;
			files = (
				A8DB00732AEAFC9800617FD4 /* Preview Assets.xcassets in Resources */,
				A8DB00702AEAFC9800617FD4 /* Assets.xcassets in Resources */,
			);
			runOnlyForDeploymentPostprocessing = 0;
		};
/* End PBXResourcesBuildPhase section */

/* Begin PBXSourcesBuildPhase section */
		A8DB00642AEAFC9600617FD4 /* Sources */ = {
			isa = PBXSourcesBuildPhase;
			buildActionMask = 2147483647;
			files = (
				A8DDA7ED2B168254005305C0 /* Router.swift in Sources */,
				A85630192AEC0C2800937D95 /* WelcomeWizardView2.swift in Sources */,
				A85F83962B15573700637335 /* SampleData.swift in Sources */,
				A86CE7312AFD829C007FA521 /* WeatherStruct.swift in Sources */,
				A847EFB32B02F95D004C2200 /* Location.swift in Sources */,
				A86CE72F2AFD7A08007FA521 /* TempRange.swift in Sources */,
				A8DB006C2AEAFC9600617FD4 /* RaincoatApp.swift in Sources */,
				A88A8F952AF1402300FC1CCB /* HomepageView.swift in Sources */,
				A824B0302AF18F500061A2ED /* SettingsView.swift in Sources */,
				A83774FE2B125D9C008E40EE /* Message.swift in Sources */,
				A87151322B0C2B4600ECAD65 /* LocationViewModel.swift in Sources */,
				A8D7FA332AF9407C004956C2 /* SolidTextButton.swift in Sources */,
				A85F83942B1552E900637335 /* SkinColor.swift in Sources */,
				A84B3EB42B181C05002A8B1C /* ImagePicker.swift in Sources */,
				A856301B2AEC0CBB00937D95 /* WelcomeWizardView1.swift in Sources */,
				A87151342B0C2B7600ECAD65 /* LocationSearchService.swift in Sources */,
				A89013132B095A2800CDE0E8 /* ImageWithSkinBehind.swift in Sources */,
				A86CE72D2AFD7630007FA521 /* Weather.swift in Sources */,
				A8DB007E2AEB3FAC00617FD4 /* SolidButton.swift in Sources */,
				A833EDEB2AFA895E00F4A364 /* User.swift in Sources */,
				A88113C42B1E98F000D70301 /* LocationManager.swift in Sources */,
				A8D7FA352AF94541004956C2 /* LocationView.swift in Sources */,
				A85E29B82B279C0600A3BC05 /* Test.swift in Sources */,
				A86CE7332AFD85D1007FA521 /* DataViewModel.swift in Sources */,
				A84B3EB62B181FCD002A8B1C /* UIImageExtension.swift in Sources */,
			);
			runOnlyForDeploymentPostprocessing = 0;
		};
/* End PBXSourcesBuildPhase section */

/* Begin XCBuildConfiguration section */
		A8DB00742AEAFC9800617FD4 /* Debug */ = {
			isa = XCBuildConfiguration;
			buildSettings = {
				ALWAYS_SEARCH_USER_PATHS = NO;
				ASSETCATALOG_COMPILER_GENERATE_SWIFT_ASSET_SYMBOL_EXTENSIONS = YES;
				CLANG_ANALYZER_NONNULL = YES;
				CLANG_ANALYZER_NUMBER_OBJECT_CONVERSION = YES_AGGRESSIVE;
				CLANG_CXX_LANGUAGE_STANDARD = "gnu++20";
				CLANG_ENABLE_MODULES = YES;
				CLANG_ENABLE_OBJC_ARC = YES;
				CLANG_ENABLE_OBJC_WEAK = YES;
				CLANG_WARN_BLOCK_CAPTURE_AUTORELEASING = YES;
				CLANG_WARN_BOOL_CONVERSION = YES;
				CLANG_WARN_COMMA = YES;
				CLANG_WARN_CONSTANT_CONVERSION = YES;
				CLANG_WARN_DEPRECATED_OBJC_IMPLEMENTATIONS = YES;
				CLANG_WARN_DIRECT_OBJC_ISA_USAGE = YES_ERROR;
				CLANG_WARN_DOCUMENTATION_COMMENTS = YES;
				CLANG_WARN_EMPTY_BODY = YES;
				CLANG_WARN_ENUM_CONVERSION = YES;
				CLANG_WARN_INFINITE_RECURSION = YES;
				CLANG_WARN_INT_CONVERSION = YES;
				CLANG_WARN_NON_LITERAL_NULL_CONVERSION = YES;
				CLANG_WARN_OBJC_IMPLICIT_RETAIN_SELF = YES;
				CLANG_WARN_OBJC_LITERAL_CONVERSION = YES;
				CLANG_WARN_OBJC_ROOT_CLASS = YES_ERROR;
				CLANG_WARN_QUOTED_INCLUDE_IN_FRAMEWORK_HEADER = YES;
				CLANG_WARN_RANGE_LOOP_ANALYSIS = YES;
				CLANG_WARN_STRICT_PROTOTYPES = YES;
				CLANG_WARN_SUSPICIOUS_MOVE = YES;
				CLANG_WARN_UNGUARDED_AVAILABILITY = YES_AGGRESSIVE;
				CLANG_WARN_UNREACHABLE_CODE = YES;
				CLANG_WARN__DUPLICATE_METHOD_MATCH = YES;
				COPY_PHASE_STRIP = NO;
				DEBUG_INFORMATION_FORMAT = dwarf;
				ENABLE_STRICT_OBJC_MSGSEND = YES;
				ENABLE_TESTABILITY = YES;
				ENABLE_USER_SCRIPT_SANDBOXING = YES;
				GCC_C_LANGUAGE_STANDARD = gnu17;
				GCC_DYNAMIC_NO_PIC = NO;
				GCC_NO_COMMON_BLOCKS = YES;
				GCC_OPTIMIZATION_LEVEL = 0;
				GCC_PREPROCESSOR_DEFINITIONS = (
					"DEBUG=1",
					"$(inherited)",
				);
				GCC_WARN_64_TO_32_BIT_CONVERSION = YES;
				GCC_WARN_ABOUT_RETURN_TYPE = YES_ERROR;
				GCC_WARN_UNDECLARED_SELECTOR = YES;
				GCC_WARN_UNINITIALIZED_AUTOS = YES_AGGRESSIVE;
				GCC_WARN_UNUSED_FUNCTION = YES;
				GCC_WARN_UNUSED_VARIABLE = YES;
				IPHONEOS_DEPLOYMENT_TARGET = 17.0;
				LOCALIZATION_PREFERS_STRING_CATALOGS = YES;
				MTL_ENABLE_DEBUG_INFO = INCLUDE_SOURCE;
				MTL_FAST_MATH = YES;
				ONLY_ACTIVE_ARCH = YES;
				SDKROOT = iphoneos;
				SWIFT_ACTIVE_COMPILATION_CONDITIONS = "DEBUG $(inherited)";
				SWIFT_OPTIMIZATION_LEVEL = "-Onone";
			};
			name = Debug;
		};
		A8DB00752AEAFC9800617FD4 /* Release */ = {
			isa = XCBuildConfiguration;
			buildSettings = {
				ALWAYS_SEARCH_USER_PATHS = NO;
				ASSETCATALOG_COMPILER_GENERATE_SWIFT_ASSET_SYMBOL_EXTENSIONS = YES;
				CLANG_ANALYZER_NONNULL = YES;
				CLANG_ANALYZER_NUMBER_OBJECT_CONVERSION = YES_AGGRESSIVE;
				CLANG_CXX_LANGUAGE_STANDARD = "gnu++20";
				CLANG_ENABLE_MODULES = YES;
				CLANG_ENABLE_OBJC_ARC = YES;
				CLANG_ENABLE_OBJC_WEAK = YES;
				CLANG_WARN_BLOCK_CAPTURE_AUTORELEASING = YES;
				CLANG_WARN_BOOL_CONVERSION = YES;
				CLANG_WARN_COMMA = YES;
				CLANG_WARN_CONSTANT_CONVERSION = YES;
				CLANG_WARN_DEPRECATED_OBJC_IMPLEMENTATIONS = YES;
				CLANG_WARN_DIRECT_OBJC_ISA_USAGE = YES_ERROR;
				CLANG_WARN_DOCUMENTATION_COMMENTS = YES;
				CLANG_WARN_EMPTY_BODY = YES;
				CLANG_WARN_ENUM_CONVERSION = YES;
				CLANG_WARN_INFINITE_RECURSION = YES;
				CLANG_WARN_INT_CONVERSION = YES;
				CLANG_WARN_NON_LITERAL_NULL_CONVERSION = YES;
				CLANG_WARN_OBJC_IMPLICIT_RETAIN_SELF = YES;
				CLANG_WARN_OBJC_LITERAL_CONVERSION = YES;
				CLANG_WARN_OBJC_ROOT_CLASS = YES_ERROR;
				CLANG_WARN_QUOTED_INCLUDE_IN_FRAMEWORK_HEADER = YES;
				CLANG_WARN_RANGE_LOOP_ANALYSIS = YES;
				CLANG_WARN_STRICT_PROTOTYPES = YES;
				CLANG_WARN_SUSPICIOUS_MOVE = YES;
				CLANG_WARN_UNGUARDED_AVAILABILITY = YES_AGGRESSIVE;
				CLANG_WARN_UNREACHABLE_CODE = YES;
				CLANG_WARN__DUPLICATE_METHOD_MATCH = YES;
				COPY_PHASE_STRIP = NO;
				DEBUG_INFORMATION_FORMAT = "dwarf-with-dsym";
				ENABLE_NS_ASSERTIONS = NO;
				ENABLE_STRICT_OBJC_MSGSEND = YES;
				ENABLE_USER_SCRIPT_SANDBOXING = YES;
				GCC_C_LANGUAGE_STANDARD = gnu17;
				GCC_NO_COMMON_BLOCKS = YES;
				GCC_WARN_64_TO_32_BIT_CONVERSION = YES;
				GCC_WARN_ABOUT_RETURN_TYPE = YES_ERROR;
				GCC_WARN_UNDECLARED_SELECTOR = YES;
				GCC_WARN_UNINITIALIZED_AUTOS = YES_AGGRESSIVE;
				GCC_WARN_UNUSED_FUNCTION = YES;
				GCC_WARN_UNUSED_VARIABLE = YES;
				IPHONEOS_DEPLOYMENT_TARGET = 17.0;
				LOCALIZATION_PREFERS_STRING_CATALOGS = YES;
				MTL_ENABLE_DEBUG_INFO = NO;
				MTL_FAST_MATH = YES;
				SDKROOT = iphoneos;
				SWIFT_COMPILATION_MODE = wholemodule;
				VALIDATE_PRODUCT = YES;
			};
			name = Release;
		};
		A8DB00772AEAFC9800617FD4 /* Debug */ = {
			isa = XCBuildConfiguration;
			buildSettings = {
				ASSETCATALOG_COMPILER_APPICON_NAME = AppIcon;
				ASSETCATALOG_COMPILER_GLOBAL_ACCENT_COLOR_NAME = AccentColor;
				CODE_SIGN_STYLE = Automatic;
				CURRENT_PROJECT_VERSION = 1;
				DEVELOPMENT_ASSET_PATHS = "\"Raincoat/Preview Content\"";
				DEVELOPMENT_TEAM = QLS2MEXS82;
				ENABLE_PREVIEWS = YES;
				GENERATE_INFOPLIST_FILE = YES;
				INFOPLIST_KEY_CFBundleDisplayName = Raincoat;
				INFOPLIST_KEY_LSApplicationCategoryType = "public.app-category.weather";
				INFOPLIST_KEY_NSCameraUsageDescription = "Raincoat would like to use your camera to take a picture";
				INFOPLIST_KEY_NSLocationWhenInUseUsageDescription = "Raincoat would like to use your location to get the weather data for your location";
				INFOPLIST_KEY_UIApplicationSceneManifest_Generation = YES;
				INFOPLIST_KEY_UIApplicationSupportsIndirectInputEvents = YES;
				INFOPLIST_KEY_UILaunchScreen_Generation = YES;
				INFOPLIST_KEY_UISupportedInterfaceOrientations = "UIInterfaceOrientationPortrait UIInterfaceOrientationPortraitUpsideDown";
				INFOPLIST_KEY_UISupportedInterfaceOrientations_iPad = "UIInterfaceOrientationLandscapeLeft UIInterfaceOrientationLandscapeRight UIInterfaceOrientationPortrait UIInterfaceOrientationPortraitUpsideDown";
				IPHONEOS_DEPLOYMENT_TARGET = 17.0;
				LD_RUNPATH_SEARCH_PATHS = (
					"$(inherited)",
					"@executable_path/Frameworks",
				);
				MARKETING_VERSION = 1.0;
				PRODUCT_BUNDLE_IDENTIFIER = xyz.majia.Raincoat;
				PRODUCT_NAME = "$(TARGET_NAME)";
				SWIFT_EMIT_LOC_STRINGS = YES;
				SWIFT_VERSION = 5.0;
				TARGETED_DEVICE_FAMILY = "1,2";
			};
			name = Debug;
		};
		A8DB00782AEAFC9800617FD4 /* Release */ = {
			isa = XCBuildConfiguration;
			buildSettings = {
				ASSETCATALOG_COMPILER_APPICON_NAME = AppIcon;
				ASSETCATALOG_COMPILER_GLOBAL_ACCENT_COLOR_NAME = AccentColor;
				CODE_SIGN_STYLE = Automatic;
				CURRENT_PROJECT_VERSION = 1;
				DEVELOPMENT_ASSET_PATHS = "\"Raincoat/Preview Content\"";
				DEVELOPMENT_TEAM = QLS2MEXS82;
				ENABLE_PREVIEWS = YES;
				GENERATE_INFOPLIST_FILE = YES;
				INFOPLIST_KEY_CFBundleDisplayName = Raincoat;
				INFOPLIST_KEY_LSApplicationCategoryType = "public.app-category.weather";
				INFOPLIST_KEY_NSCameraUsageDescription = "Raincoat would like to use your camera to take a picture";
				INFOPLIST_KEY_NSLocationWhenInUseUsageDescription = "Raincoat would like to use your location to get the weather data for your location";
				INFOPLIST_KEY_UIApplicationSceneManifest_Generation = YES;
				INFOPLIST_KEY_UIApplicationSupportsIndirectInputEvents = YES;
				INFOPLIST_KEY_UILaunchScreen_Generation = YES;
				INFOPLIST_KEY_UISupportedInterfaceOrientations = "UIInterfaceOrientationPortrait UIInterfaceOrientationPortraitUpsideDown";
				INFOPLIST_KEY_UISupportedInterfaceOrientations_iPad = "UIInterfaceOrientationLandscapeLeft UIInterfaceOrientationLandscapeRight UIInterfaceOrientationPortrait UIInterfaceOrientationPortraitUpsideDown";
				IPHONEOS_DEPLOYMENT_TARGET = 17.0;
				LD_RUNPATH_SEARCH_PATHS = (
					"$(inherited)",
					"@executable_path/Frameworks",
				);
				MARKETING_VERSION = 1.0;
				PRODUCT_BUNDLE_IDENTIFIER = xyz.majia.Raincoat;
				PRODUCT_NAME = "$(TARGET_NAME)";
				SWIFT_EMIT_LOC_STRINGS = YES;
				SWIFT_VERSION = 5.0;
				TARGETED_DEVICE_FAMILY = "1,2";
			};
			name = Release;
		};
/* End XCBuildConfiguration section */

/* Begin XCConfigurationList section */
		A8DB00632AEAFC9600617FD4 /* Build configuration list for PBXProject "Raincoat" */ = {
			isa = XCConfigurationList;
			buildConfigurations = (
				A8DB00742AEAFC9800617FD4 /* Debug */,
				A8DB00752AEAFC9800617FD4 /* Release */,
			);
			defaultConfigurationIsVisible = 0;
			defaultConfigurationName = Release;
		};
		A8DB00762AEAFC9800617FD4 /* Build configuration list for PBXNativeTarget "Raincoat" */ = {
			isa = XCConfigurationList;
			buildConfigurations = (
				A8DB00772AEAFC9800617FD4 /* Debug */,
				A8DB00782AEAFC9800617FD4 /* Release */,
			);
			defaultConfigurationIsVisible = 0;
			defaultConfigurationName = Release;
		};
/* End XCConfigurationList section */
	};
	rootObject = A8DB00602AEAFC9600617FD4 /* Project object */;
}
